
Microsoft Visual Studio Solution File, Format Version 12.00
# Visual Studio Version 16
VisualStudioVersion = 16.0.31613.86
MinimumVisualStudioVersion = 10.0.40219.1
Project("{FAE04EC0-301F-11D3-BF4B-00C04F79EFBC}") = "System.Windows.Forms.Legacy", "System.Windows.Forms.Legacy.csproj", "{7BA2508B-0A0B-4B21-BCCF-7DFB848026F9}"
EndProject
Global
	GlobalSection(SolutionConfigurationPlatforms) = preSolution
		Debug|Any CPU = Debug|Any CPU
		Release|Any CPU = Release|Any CPU
	EndGlobalSection
	GlobalSection(ProjectConfigurationPlatforms) = postSolution
		{7BA2508B-0A0B-4B21-BCCF-7DFB848026F9}.Debug|Any CPU.ActiveCfg = Debug|Any CPU
		{7BA2508B-0A0B-4B21-BCCF-7DFB848026F9}.Debug|Any CPU.Build.0 = Debug|Any CPU
		{7BA2508B-0A0B-4B21-BCCF-7DFB848026F9}.Release|Any CPU.ActiveCfg = Release|Any CPU
		{7BA2508B-0A0B-4B21-BCCF-7DFB848026F9}.Release|Any CPU.Build.0 = Release|Any CPU
	EndGlobalSection
	GlobalSection(SolutionProperties) = preSolution
		HideSolutionNode = FALSE
	EndGlobalSection
	GlobalSection(ExtensibilityGlobals) = postSolution
		SolutionGuid = {354BF7B0-EFAC-4487-A664-3E8D90D6C7AC}
	EndGlobalSection
EndGlobal
